
Microsoft Visual Studio Solution File, Format Version 12.00
# Visual Studio Version 17
VisualStudioVersion = 17.7.34031.279
MinimumVisualStudioVersion = 10.0.40219.1
Project("{FAE04EC0-301F-11D3-BF4B-00C04F79EFBC}") = "MQL4LogParser", "MQL4LogParser\MQL4LogParser.csproj", "{0865BC67-9C5B-442C-9690-AD9F3D813D71}"
EndProject
Global
	GlobalSection(SolutionConfigurationPlatforms) = preSolution
		Debug|Any CPU = Debug|Any CPU
		Release|Any CPU = Release|Any CPU
	EndGlobalSection
	GlobalSection(ProjectConfigurationPlatforms) = postSolution
		{0865BC67-9C5B-442C-9690-AD9F3D813D71}.Debug|Any CPU.ActiveCfg = Debug|Any CPU
		{0865BC67-9C5B-442C-9690-AD9F3D813D71}.Debug|Any CPU.Build.0 = Debug|Any CPU
		{0865BC67-9C5B-442C-9690-AD9F3D813D71}.Release|Any CPU.ActiveCfg = Release|Any CPU
		{0865BC67-9C5B-442C-9690-AD9F3D813D71}.Release|Any CPU.Build.0 = Release|Any CPU
	EndGlobalSection
	GlobalSection(SolutionProperties) = preSolution
		HideSolutionNode = FALSE
	EndGlobalSection
	GlobalSection(ExtensibilityGlobals) = postSolution
		SolutionGuid = {C491CD94-FFFA-4E30-812E-552A7507F78D}
	EndGlobalSection
EndGlobal
